
Microsoft Visual Studio Solution File, Format Version 12.00
# Visual Studio 15
VisualStudioVersion = 15.0.27130.2036
MinimumVisualStudioVersion = 10.0.40219.1
Project("{9A19103F-16F7-4668-BE54-9A1E7A4F7556}") = "WebAPI", "Docker\WebAPI.csproj", "{AA9A491F-51B0-49D7-8391-02EC9A8B0435}"
EndProject
Project("{9A19103F-16F7-4668-BE54-9A1E7A4F7556}") = "BondCodeGen", "..\bond\BondCodeGen.csproj", "{9711AA6B-400A-4867-9CB1-84C46490D2A4}"
EndProject
Global
	GlobalSection(SolutionConfigurationPlatforms) = preSolution
		Debug|Any CPU = Debug|Any CPU
		Release|Any CPU = Release|Any CPU
	EndGlobalSection
	GlobalSection(ProjectConfigurationPlatforms) = postSolution
		{AA9A491F-51B0-49D7-8391-02EC9A8B0435}.Debug|Any CPU.ActiveCfg = Debug|Any CPU
		{AA9A491F-51B0-49D7-8391-02EC9A8B0435}.Debug|Any CPU.Build.0 = Debug|Any CPU
		{AA9A491F-51B0-49D7-8391-02EC9A8B0435}.Release|Any CPU.ActiveCfg = Release|Any CPU
		{AA9A491F-51B0-49D7-8391-02EC9A8B0435}.Release|Any CPU.Build.0 = Release|Any CPU
		{9711AA6B-400A-4867-9CB1-84C46490D2A4}.Debug|Any CPU.ActiveCfg = Debug|Any CPU
		{9711AA6B-400A-4867-9CB1-84C46490D2A4}.Debug|Any CPU.Build.0 = Debug|Any CPU
		{9711AA6B-400A-4867-9CB1-84C46490D2A4}.Release|Any CPU.ActiveCfg = Release|Any CPU
		{9711AA6B-400A-4867-9CB1-84C46490D2A4}.Release|Any CPU.Build.0 = Release|Any CPU
	EndGlobalSection
	GlobalSection(SolutionProperties) = preSolution
		HideSolutionNode = FALSE
	EndGlobalSection
	GlobalSection(ExtensibilityGlobals) = postSolution
		SolutionGuid = {5C64B638-396C-4E74-A9C4-9A8AEEFBB80F}
	EndGlobalSection
EndGlobal
