
Microsoft Visual Studio Solution File, Format Version 12.00
# Visual Studio 15
VisualStudioVersion = 15.0.27130.2036
MinimumVisualStudioVersion = 10.0.40219.1
Project("{FAE04EC0-301F-11D3-BF4B-00C04F79EFBC}") = "WebHdfs", "WebHdfs\WebHdfs.csproj", "{046A3520-968E-4A40-B735-A3EB5A7A6667}"
EndProject
Global
	GlobalSection(SolutionConfigurationPlatforms) = preSolution
		Debug|Any CPU = Debug|Any CPU
		Release|Any CPU = Release|Any CPU
	EndGlobalSection
	GlobalSection(ProjectConfigurationPlatforms) = postSolution
		{046A3520-968E-4A40-B735-A3EB5A7A6667}.Debug|Any CPU.ActiveCfg = Debug|Any CPU
		{046A3520-968E-4A40-B735-A3EB5A7A6667}.Debug|Any CPU.Build.0 = Debug|Any CPU
		{046A3520-968E-4A40-B735-A3EB5A7A6667}.Release|Any CPU.ActiveCfg = Release|Any CPU
		{046A3520-968E-4A40-B735-A3EB5A7A6667}.Release|Any CPU.Build.0 = Release|Any CPU
	EndGlobalSection
	GlobalSection(SolutionProperties) = preSolution
		HideSolutionNode = FALSE
	EndGlobalSection
	GlobalSection(ExtensibilityGlobals) = postSolution
		SolutionGuid = {3A7C2B7D-CB7B-4ED3-A9D8-216DEF7C3372}
	EndGlobalSection
EndGlobal
